
Microsoft Visual Studio Solution File, Format Version 12.00
# Visual Studio Version 17
VisualStudioVersion = 17.7.34031.279
MinimumVisualStudioVersion = 10.0.40219.1
Project("{FAE04EC0-301F-11D3-BF4B-00C04F79EFBC}") = "REPASO07022024", "REPASO07022024.csproj", "{34DAA0CE-C671-490D-9552-85F537C35A18}"
EndProject
Global
	GlobalSection(SolutionConfigurationPlatforms) = preSolution
		Debug|Any CPU = Debug|Any CPU
		Release|Any CPU = Release|Any CPU
	EndGlobalSection
	GlobalSection(ProjectConfigurationPlatforms) = postSolution
		{34DAA0CE-C671-490D-9552-85F537C35A18}.Debug|Any CPU.ActiveCfg = Debug|Any CPU
		{34DAA0CE-C671-490D-9552-85F537C35A18}.Debug|Any CPU.Build.0 = Debug|Any CPU
		{34DAA0CE-C671-490D-9552-85F537C35A18}.Release|Any CPU.ActiveCfg = Release|Any CPU
		{34DAA0CE-C671-490D-9552-85F537C35A18}.Release|Any CPU.Build.0 = Release|Any CPU
	EndGlobalSection
	GlobalSection(SolutionProperties) = preSolution
		HideSolutionNode = FALSE
	EndGlobalSection
	GlobalSection(ExtensibilityGlobals) = postSolution
		SolutionGuid = {4B7D4D62-76AA-4092-B6E9-4E985FE9E36B}
	EndGlobalSection
EndGlobal
